
Microsoft Visual Studio Solution File, Format Version 12.00
# Visual Studio Version 16
VisualStudioVersion = 16.0.32407.337
MinimumVisualStudioVersion = 10.0.40219.1
Project("{9A19103F-16F7-4668-BE54-9A1E7A4F7556}") = "CrudPessoaContato", "CrudPessoaContato\CrudPessoaContato.csproj", "{0CE6A21A-82E6-4C44-88F9-A563C96EE263}"
EndProject
Project("{FAE04EC0-301F-11D3-BF4B-00C04F79EFBC}") = "CrudPessoaContato.Client", "CrudPessoaContato.Client\CrudPessoaContato.Client.csproj", "{0E8240A4-3D1D-43E8-B946-2770FD434721}"
EndProject
Global
	GlobalSection(SolutionConfigurationPlatforms) = preSolution
		Debug|Any CPU = Debug|Any CPU
		Release|Any CPU = Release|Any CPU
	EndGlobalSection
	GlobalSection(ProjectConfigurationPlatforms) = postSolution
		{0CE6A21A-82E6-4C44-88F9-A563C96EE263}.Debug|Any CPU.ActiveCfg = Debug|Any CPU
		{0CE6A21A-82E6-4C44-88F9-A563C96EE263}.Debug|Any CPU.Build.0 = Debug|Any CPU
		{0CE6A21A-82E6-4C44-88F9-A563C96EE263}.Release|Any CPU.ActiveCfg = Release|Any CPU
		{0CE6A21A-82E6-4C44-88F9-A563C96EE263}.Release|Any CPU.Build.0 = Release|Any CPU
		{0E8240A4-3D1D-43E8-B946-2770FD434721}.Debug|Any CPU.ActiveCfg = Debug|Any CPU
		{0E8240A4-3D1D-43E8-B946-2770FD434721}.Debug|Any CPU.Build.0 = Debug|Any CPU
		{0E8240A4-3D1D-43E8-B946-2770FD434721}.Release|Any CPU.ActiveCfg = Release|Any CPU
		{0E8240A4-3D1D-43E8-B946-2770FD434721}.Release|Any CPU.Build.0 = Release|Any CPU
	EndGlobalSection
	GlobalSection(SolutionProperties) = preSolution
		HideSolutionNode = FALSE
	EndGlobalSection
	GlobalSection(ExtensibilityGlobals) = postSolution
		SolutionGuid = {1C3F5EA7-16FC-4577-8E58-122EE49226FA}
	EndGlobalSection
EndGlobal
